// !$*UTF8*$!
{
	archiveVersion = 1;
	classes = {
	};
	objectVersion = 50;
	objects = {

/* Begin PBXBuildFile section */
		5228AFCC25C901BD0018CB32 /* AddPropertyView.swift in Sources */ = {isa = PBXBuildFile; fileRef = 5228AFCB25C901BD0018CB32 /* AddPropertyView.swift */; };
		52A9C1B025C8DB4C00137FCA /* PropertyDetailView.swift in Sources */ = {isa = PBXBuildFile; fileRef = 52A9C1AF25C8DB4C00137FCA /* PropertyDetailView.swift */; };
		52F8918A25C8D5EB001F4326 /* Tests_iOS.swift in Sources */ = {isa = PBXBuildFile; fileRef = 52F8918925C8D5EB001F4326 /* Tests_iOS.swift */; };
		52F8919525C8D5EB001F4326 /* Tests_macOS.swift in Sources */ = {isa = PBXBuildFile; fileRef = 52F8919425C8D5EB001F4326 /* Tests_macOS.swift */; };
		52F8919725C8D5EB001F4326 /* BurrowApp.swift in Sources */ = {isa = PBXBuildFile; fileRef = 52F8916E25C8D5E9001F4326 /* BurrowApp.swift */; };
		52F8919825C8D5EB001F4326 /* BurrowApp.swift in Sources */ = {isa = PBXBuildFile; fileRef = 52F8916E25C8D5E9001F4326 /* BurrowApp.swift */; };
		52F8919925C8D5EB001F4326 /* ContentView.swift in Sources */ = {isa = PBXBuildFile; fileRef = 52F8916F25C8D5E9001F4326 /* ContentView.swift */; };
		52F8919A25C8D5EB001F4326 /* ContentView.swift in Sources */ = {isa = PBXBuildFile; fileRef = 52F8916F25C8D5E9001F4326 /* ContentView.swift */; };
		52F8919B25C8D5EB001F4326 /* Assets.xcassets in Resources */ = {isa = PBXBuildFile; fileRef = 52F8917025C8D5EB001F4326 /* Assets.xcassets */; };
		52F8919C25C8D5EB001F4326 /* Assets.xcassets in Resources */ = {isa = PBXBuildFile; fileRef = 52F8917025C8D5EB001F4326 /* Assets.xcassets */; };
		52F891B225C8D60D001F4326 /* Property.swift in Sources */ = {isa = PBXBuildFile; fileRef = 52F891B125C8D60D001F4326 /* Property.swift */; };
		52F891BC25C8D628001F4326 /* Room.swift in Sources */ = {isa = PBXBuildFile; fileRef = 52F891BB25C8D628001F4326 /* Room.swift */; };
		52F891C225C8D6AE001F4326 /* Device.swift in Sources */ = {isa = PBXBuildFile; fileRef = 52F891C125C8D6AE001F4326 /* Device.swift */; };
		52F891C825C8D6F7001F4326 /* Component.swift in Sources */ = {isa = PBXBuildFile; fileRef = 52F891C725C8D6F7001F4326 /* Component.swift */; };
/* End PBXBuildFile section */

/* Begin PBXContainerItemProxy section */
		52F8918625C8D5EB001F4326 /* PBXContainerItemProxy */ = {
			isa = PBXContainerItemProxy;
			containerPortal = 52F8916925C8D5E9001F4326 /* Project object */;
			proxyType = 1;
			remoteGlobalIDString = 52F8917425C8D5EB001F4326;
			remoteInfo = "Burrow (iOS)";
		};
		52F8919125C8D5EB001F4326 /* PBXContainerItemProxy */ = {
			isa = PBXContainerItemProxy;
			containerPortal = 52F8916925C8D5E9001F4326 /* Project object */;
			proxyType = 1;
			remoteGlobalIDString = 52F8917C25C8D5EB001F4326;
			remoteInfo = "Burrow (macOS)";
		};
/* End PBXContainerItemProxy section */

/* Begin PBXFileReference section */
		5228AFCB25C901BD0018CB32 /* AddPropertyView.swift */ = {isa = PBXFileReference; lastKnownFileType = sourcecode.swift; path = AddPropertyView.swift; sourceTree = "<group>"; };
		52A9C1AF25C8DB4C00137FCA /* PropertyDetailView.swift */ = {isa = PBXFileReference; lastKnownFileType = sourcecode.swift; path = PropertyDetailView.swift; sourceTree = "<group>"; };
		52F8916E25C8D5E9001F4326 /* BurrowApp.swift */ = {isa = PBXFileReference; lastKnownFileType = sourcecode.swift; path = BurrowApp.swift; sourceTree = "<group>"; };
		52F8916F25C8D5E9001F4326 /* ContentView.swift */ = {isa = PBXFileReference; lastKnownFileType = sourcecode.swift; path = ContentView.swift; sourceTree = "<group>"; };
		52F8917025C8D5EB001F4326 /* Assets.xcassets */ = {isa = PBXFileReference; lastKnownFileType = folder.assetcatalog; path = Assets.xcassets; sourceTree = "<group>"; };
		52F8917525C8D5EB001F4326 /* Burrow.app */ = {isa = PBXFileReference; explicitFileType = wrapper.application; includeInIndex = 0; path = Burrow.app; sourceTree = BUILT_PRODUCTS_DIR; };
		52F8917825C8D5EB001F4326 /* Info.plist */ = {isa = PBXFileReference; lastKnownFileType = text.plist.xml; path = Info.plist; sourceTree = "<group>"; };
		52F8917D25C8D5EB001F4326 /* Burrow.app */ = {isa = PBXFileReference; explicitFileType = wrapper.application; includeInIndex = 0; path = Burrow.app; sourceTree = BUILT_PRODUCTS_DIR; };
		52F8917F25C8D5EB001F4326 /* Info.plist */ = {isa = PBXFileReference; lastKnownFileType = text.plist.xml; path = Info.plist; sourceTree = "<group>"; };
		52F8918025C8D5EB001F4326 /* macOS.entitlements */ = {isa = PBXFileReference; lastKnownFileType = text.plist.entitlements; path = macOS.entitlements; sourceTree = "<group>"; };
		52F8918525C8D5EB001F4326 /* Tests iOS.xctest */ = {isa = PBXFileReference; explicitFileType = wrapper.cfbundle; includeInIndex = 0; path = "Tests iOS.xctest"; sourceTree = BUILT_PRODUCTS_DIR; };
		52F8918925C8D5EB001F4326 /* Tests_iOS.swift */ = {isa = PBXFileReference; lastKnownFileType = sourcecode.swift; path = Tests_iOS.swift; sourceTree = "<group>"; };
		52F8918B25C8D5EB001F4326 /* Info.plist */ = {isa = PBXFileReference; lastKnownFileType = text.plist.xml; path = Info.plist; sourceTree = "<group>"; };
		52F8919025C8D5EB001F4326 /* Tests macOS.xctest */ = {isa = PBXFileReference; explicitFileType = wrapper.cfbundle; includeInIndex = 0; path = "Tests macOS.xctest"; sourceTree = BUILT_PRODUCTS_DIR; };
		52F8919425C8D5EB001F4326 /* Tests_macOS.swift */ = {isa = PBXFileReference; lastKnownFileType = sourcecode.swift; path = Tests_macOS.swift; sourceTree = "<group>"; };
		52F8919625C8D5EB001F4326 /* Info.plist */ = {isa = PBXFileReference; lastKnownFileType = text.plist.xml; path = Info.plist; sourceTree = "<group>"; };
		52F891B125C8D60D001F4326 /* Property.swift */ = {isa = PBXFileReference; lastKnownFileType = sourcecode.swift; path = Property.swift; sourceTree = "<group>"; };
		52F891BB25C8D628001F4326 /* Room.swift */ = {isa = PBXFileReference; lastKnownFileType = sourcecode.swift; path = Room.swift; sourceTree = "<group>"; };
		52F891C125C8D6AE001F4326 /* Device.swift */ = {isa = PBXFileReference; lastKnownFileType = sourcecode.swift; path = Device.swift; sourceTree = "<group>"; };
		52F891C725C8D6F7001F4326 /* Component.swift */ = {isa = PBXFileReference; lastKnownFileType = sourcecode.swift; path = Component.swift; sourceTree = "<group>"; };
/* End PBXFileReference section */

/* Begin PBXFrameworksBuildPhase section */
		52F8917225C8D5EB001F4326 /* Frameworks */ = {
			isa = PBXFrameworksBuildPhase;
			buildActionMask = 2147483647;
			files = (
			);
			runOnlyForDeploymentPostprocessing = 0;
		};
		52F8917A25C8D5EB001F4326 /* Frameworks */ = {
			isa = PBXFrameworksBuildPhase;
			buildActionMask = 2147483647;
			files = (
			);
			runOnlyForDeploymentPostprocessing = 0;
		};
		52F8918225C8D5EB001F4326 /* Frameworks */ = {
			isa = PBXFrameworksBuildPhase;
			buildActionMask = 2147483647;
			files = (
			);
			runOnlyForDeploymentPostprocessing = 0;
		};
		52F8918D25C8D5EB001F4326 /* Frameworks */ = {
			isa = PBXFrameworksBuildPhase;
			buildActionMask = 2147483647;
			files = (
			);
			runOnlyForDeploymentPostprocessing = 0;
		};
/* End PBXFrameworksBuildPhase section */

/* Begin PBXGroup section */
		5228AFCA25C901AB0018CB32 /* Add */ = {
			isa = PBXGroup;
			children = (
				5228AFCB25C901BD0018CB32 /* AddPropertyView.swift */,
			);
			path = Add;
			sourceTree = "<group>";
		};
		52A9C1A425C8DB2B00137FCA /* Detail */ = {
			isa = PBXGroup;
			children = (
				52A9C1AF25C8DB4C00137FCA /* PropertyDetailView.swift */,
			);
			path = Detail;
			sourceTree = "<group>";
		};
		52F8916825C8D5E9001F4326 = {
			isa = PBXGroup;
			children = (
				52F8916D25C8D5E9001F4326 /* Shared */,
				52F8917725C8D5EB001F4326 /* iOS */,
				52F8917E25C8D5EB001F4326 /* macOS */,
				52F8918825C8D5EB001F4326 /* Tests iOS */,
				52F8919325C8D5EB001F4326 /* Tests macOS */,
				52F8917625C8D5EB001F4326 /* Products */,
			);
			sourceTree = "<group>";
		};
		52F8916D25C8D5E9001F4326 /* Shared */ = {
			isa = PBXGroup;
			children = (
				52F891B025C8D602001F4326 /* Models */,
				52F891AF25C8D5FB001F4326 /* Views */,
				52F8916E25C8D5E9001F4326 /* BurrowApp.swift */,
				52F8917025C8D5EB001F4326 /* Assets.xcassets */,
			);
			path = Shared;
			sourceTree = "<group>";
		};
		52F8917625C8D5EB001F4326 /* Products */ = {
			isa = PBXGroup;
			children = (
				52F8917525C8D5EB001F4326 /* Burrow.app */,
				52F8917D25C8D5EB001F4326 /* Burrow.app */,
				52F8918525C8D5EB001F4326 /* Tests iOS.xctest */,
				52F8919025C8D5EB001F4326 /* Tests macOS.xctest */,
			);
			name = Products;
			sourceTree = "<group>";
		};
		52F8917725C8D5EB001F4326 /* iOS */ = {
			isa = PBXGroup;
			children = (
				52F8917825C8D5EB001F4326 /* Info.plist */,
			);
			path = iOS;
			sourceTree = "<group>";
		};
		52F8917E25C8D5EB001F4326 /* macOS */ = {
			isa = PBXGroup;
			children = (
				52F8917F25C8D5EB001F4326 /* Info.plist */,
				52F8918025C8D5EB001F4326 /* macOS.entitlements */,
			);
			path = macOS;
			sourceTree = "<group>";
		};
		52F8918825C8D5EB001F4326 /* Tests iOS */ = {
			isa = PBXGroup;
			children = (
				52F8918925C8D5EB001F4326 /* Tests_iOS.swift */,
				52F8918B25C8D5EB001F4326 /* Info.plist */,
			);
			path = "Tests iOS";
			sourceTree = "<group>";
		};
		52F8919325C8D5EB001F4326 /* Tests macOS */ = {
			isa = PBXGroup;
			children = (
				52F8919425C8D5EB001F4326 /* Tests_macOS.swift */,
				52F8919625C8D5EB001F4326 /* Info.plist */,
			);
			path = "Tests macOS";
			sourceTree = "<group>";
		};
		52F891AF25C8D5FB001F4326 /* Views */ = {
			isa = PBXGroup;
			children = (
				52F8916F25C8D5E9001F4326 /* ContentView.swift */,
				5228AFCA25C901AB0018CB32 /* Add */,
				52A9C1A425C8DB2B00137FCA /* Detail */,
			);
			path = Views;
			sourceTree = "<group>";
		};
		52F891B025C8D602001F4326 /* Models */ = {
			isa = PBXGroup;
			children = (
				52F891B125C8D60D001F4326 /* Property.swift */,
				52F891BB25C8D628001F4326 /* Room.swift */,
				52F891C125C8D6AE001F4326 /* Device.swift */,
				52F891C725C8D6F7001F4326 /* Component.swift */,
			);
			path = Models;
			sourceTree = "<group>";
		};
/* End PBXGroup section */

/* Begin PBXNativeTarget section */
		52F8917425C8D5EB001F4326 /* Burrow (iOS) */ = {
			isa = PBXNativeTarget;
			buildConfigurationList = 52F8919F25C8D5EB001F4326 /* Build configuration list for PBXNativeTarget "Burrow (iOS)" */;
			buildPhases = (
				52F8917125C8D5EB001F4326 /* Sources */,
				52F8917225C8D5EB001F4326 /* Frameworks */,
				52F8917325C8D5EB001F4326 /* Resources */,
			);
			buildRules = (
			);
			dependencies = (
			);
			name = "Burrow (iOS)";
			productName = "Burrow (iOS)";
			productReference = 52F8917525C8D5EB001F4326 /* Burrow.app */;
			productType = "com.apple.product-type.application";
		};
		52F8917C25C8D5EB001F4326 /* Burrow (macOS) */ = {
			isa = PBXNativeTarget;
			buildConfigurationList = 52F891A225C8D5EB001F4326 /* Build configuration list for PBXNativeTarget "Burrow (macOS)" */;
			buildPhases = (
				52F8917925C8D5EB001F4326 /* Sources */,
				52F8917A25C8D5EB001F4326 /* Frameworks */,
				52F8917B25C8D5EB001F4326 /* Resources */,
			);
			buildRules = (
			);
			dependencies = (
			);
			name = "Burrow (macOS)";
			productName = "Burrow (macOS)";
			productReference = 52F8917D25C8D5EB001F4326 /* Burrow.app */;
			productType = "com.apple.product-type.application";
		};
		52F8918425C8D5EB001F4326 /* Tests iOS */ = {
			isa = PBXNativeTarget;
			buildConfigurationList = 52F891A525C8D5EB001F4326 /* Build configuration list for PBXNativeTarget "Tests iOS" */;
			buildPhases = (
				52F8918125C8D5EB001F4326 /* Sources */,
				52F8918225C8D5EB001F4326 /* Frameworks */,
				52F8918325C8D5EB001F4326 /* Resources */,
			);
			buildRules = (
			);
			dependencies = (
				52F8918725C8D5EB001F4326 /* PBXTargetDependency */,
			);
			name = "Tests iOS";
			productName = "Tests iOS";
			productReference = 52F8918525C8D5EB001F4326 /* Tests iOS.xctest */;
			productType = "com.apple.product-type.bundle.ui-testing";
		};
		52F8918F25C8D5EB001F4326 /* Tests macOS */ = {
			isa = PBXNativeTarget;
			buildConfigurationList = 52F891A825C8D5EB001F4326 /* Build configuration list for PBXNativeTarget "Tests macOS" */;
			buildPhases = (
				52F8918C25C8D5EB001F4326 /* Sources */,
				52F8918D25C8D5EB001F4326 /* Frameworks */,
				52F8918E25C8D5EB001F4326 /* Resources */,
			);
			buildRules = (
			);
			dependencies = (
				52F8919225C8D5EB001F4326 /* PBXTargetDependency */,
			);
			name = "Tests macOS";
			productName = "Tests macOS";
			productReference = 52F8919025C8D5EB001F4326 /* Tests macOS.xctest */;
			productType = "com.apple.product-type.bundle.ui-testing";
		};
/* End PBXNativeTarget section */

/* Begin PBXProject section */
		52F8916925C8D5E9001F4326 /* Project object */ = {
			isa = PBXProject;
			attributes = {
				LastSwiftUpdateCheck = 1240;
				LastUpgradeCheck = 1240;
				TargetAttributes = {
					52F8917425C8D5EB001F4326 = {
						CreatedOnToolsVersion = 12.4;
					};
					52F8917C25C8D5EB001F4326 = {
						CreatedOnToolsVersion = 12.4;
					};
					52F8918425C8D5EB001F4326 = {
						CreatedOnToolsVersion = 12.4;
						TestTargetID = 52F8917425C8D5EB001F4326;
					};
					52F8918F25C8D5EB001F4326 = {
						CreatedOnToolsVersion = 12.4;
						TestTargetID = 52F8917C25C8D5EB001F4326;
					};
				};
			};
			buildConfigurationList = 52F8916C25C8D5E9001F4326 /* Build configuration list for PBXProject "Burrow" */;
			compatibilityVersion = "Xcode 9.3";
			developmentRegion = en;
			hasScannedForEncodings = 0;
			knownRegions = (
				en,
				Base,
			);
			mainGroup = 52F8916825C8D5E9001F4326;
			productRefGroup = 52F8917625C8D5EB001F4326 /* Products */;
			projectDirPath = "";
			projectRoot = "";
			targets = (
				52F8917425C8D5EB001F4326 /* Burrow (iOS) */,
				52F8917C25C8D5EB001F4326 /* Burrow (macOS) */,
				52F8918425C8D5EB001F4326 /* Tests iOS */,
				52F8918F25C8D5EB001F4326 /* Tests macOS */,
			);
		};
/* End PBXProject section */

/* Begin PBXResourcesBuildPhase section */
		52F8917325C8D5EB001F4326 /* Resources */ = {
			isa = PBXResourcesBuildPhase;
			buildActionMask = 2147483647;
			files = (
				52F8919B25C8D5EB001F4326 /* Assets.xcassets in Resources */,
			);
			runOnlyForDeploymentPostprocessing = 0;
		};
		52F8917B25C8D5EB001F4326 /* Resources */ = {
			isa = PBXResourcesBuildPhase;
			buildActionMask = 2147483647;
			files = (
				52F8919C25C8D5EB001F4326 /* Assets.xcassets in Resources */,
			);
			runOnlyForDeploymentPostprocessing = 0;
		};
		52F8918325C8D5EB001F4326 /* Resources */ = {
			isa = PBXResourcesBuildPhase;
			buildActionMask = 2147483647;
			files = (
			);
			runOnlyForDeploymentPostprocessing = 0;
		};
		52F8918E25C8D5EB001F4326 /* Resources */ = {
			isa = PBXResourcesBuildPhase;
			buildActionMask = 2147483647;
			files = (
			);
			runOnlyForDeploymentPostprocessing = 0;
		};
/* End PBXResourcesBuildPhase section */

/* Begin PBXSourcesBuildPhase section */
		52F8917125C8D5EB001F4326 /* Sources */ = {
			isa = PBXSourcesBuildPhase;
			buildActionMask = 2147483647;
			files = (
				52F891B225C8D60D001F4326 /* Property.swift in Sources */,
				5228AFCC25C901BD0018CB32 /* AddPropertyView.swift in Sources */,
				52F891C825C8D6F7001F4326 /* Component.swift in Sources */,
				52F8919925C8D5EB001F4326 /* ContentView.swift in Sources */,
				52F891BC25C8D628001F4326 /* Room.swift in Sources */,
				52F8919725C8D5EB001F4326 /* BurrowApp.swift in Sources */,
				52A9C1B025C8DB4C00137FCA /* PropertyDetailView.swift in Sources */,
				52F891C225C8D6AE001F4326 /* Device.swift in Sources */,
			);
			runOnlyForDeploymentPostprocessing = 0;
		};
		52F8917925C8D5EB001F4326 /* Sources */ = {
			isa = PBXSourcesBuildPhase;
			buildActionMask = 2147483647;
			files = (
				52F8919A25C8D5EB001F4326 /* ContentView.swift in Sources */,
				52F8919825C8D5EB001F4326 /* BurrowApp.swift in Sources */,
			);
			runOnlyForDeploymentPostprocessing = 0;
		};
		52F8918125C8D5EB001F4326 /* Sources */ = {
			isa = PBXSourcesBuildPhase;
			buildActionMask = 2147483647;
			files = (
				52F8918A25C8D5EB001F4326 /* Tests_iOS.swift in Sources */,
			);
			runOnlyForDeploymentPostprocessing = 0;
		};
		52F8918C25C8D5EB001F4326 /* Sources */ = {
			isa = PBXSourcesBuildPhase;
			buildActionMask = 2147483647;
			files = (
				52F8919525C8D5EB001F4326 /* Tests_macOS.swift in Sources */,
			);
			runOnlyForDeploymentPostprocessing = 0;
		};
/* End PBXSourcesBuildPhase section */

/* Begin PBXTargetDependency section */
		52F8918725C8D5EB001F4326 /* PBXTargetDependency */ = {
			isa = PBXTargetDependency;
			target = 52F8917425C8D5EB001F4326 /* Burrow (iOS) */;
			targetProxy = 52F8918625C8D5EB001F4326 /* PBXContainerItemProxy */;
		};
		52F8919225C8D5EB001F4326 /* PBXTargetDependency */ = {
			isa = PBXTargetDependency;
			target = 52F8917C25C8D5EB001F4326 /* Burrow (macOS) */;
			targetProxy = 52F8919125C8D5EB001F4326 /* PBXContainerItemProxy */;
		};
/* End PBXTargetDependency section */

/* Begin XCBuildConfiguration section */
		52F8919D25C8D5EB001F4326 /* Debug */ = {
			isa = XCBuildConfiguration;
			buildSettings = {
				ALWAYS_SEARCH_USER_PATHS = NO;
				CLANG_ANALYZER_NONNULL = YES;
				CLANG_ANALYZER_NUMBER_OBJECT_CONVERSION = YES_AGGRESSIVE;
				CLANG_CXX_LANGUAGE_STANDARD = "gnu++14";
				CLANG_CXX_LIBRARY = "libc++";
				CLANG_ENABLE_MODULES = YES;
				CLANG_ENABLE_OBJC_ARC = YES;
				CLANG_ENABLE_OBJC_WEAK = YES;
				CLANG_WARN_BLOCK_CAPTURE_AUTORELEASING = YES;
				CLANG_WARN_BOOL_CONVERSION = YES;
				CLANG_WARN_COMMA = YES;
				CLANG_WARN_CONSTANT_CONVERSION = YES;
				CLANG_WARN_DEPRECATED_OBJC_IMPLEMENTATIONS = YES;
				CLANG_WARN_DIRECT_OBJC_ISA_USAGE = YES_ERROR;
				CLANG_WARN_DOCUMENTATION_COMMENTS = YES;
				CLANG_WARN_EMPTY_BODY = YES;
				CLANG_WARN_ENUM_CONVERSION = YES;
				CLANG_WARN_INFINITE_RECURSION = YES;
				CLANG_WARN_INT_CONVERSION = YES;
				CLANG_WARN_NON_LITERAL_NULL_CONVERSION = YES;
				CLANG_WARN_OBJC_IMPLICIT_RETAIN_SELF = YES;
				CLANG_WARN_OBJC_LITERAL_CONVERSION = YES;
				CLANG_WARN_OBJC_ROOT_CLASS = YES_ERROR;
				CLANG_WARN_QUOTED_INCLUDE_IN_FRAMEWORK_HEADER = YES;
				CLANG_WARN_RANGE_LOOP_ANALYSIS = YES;
				CLANG_WARN_STRICT_PROTOTYPES = YES;
				CLANG_WARN_SUSPICIOUS_MOVE = YES;
				CLANG_WARN_UNGUARDED_AVAILABILITY = YES_AGGRESSIVE;
				CLANG_WARN_UNREACHABLE_CODE = YES;
				CLANG_WARN__DUPLICATE_METHOD_MATCH = YES;
				COPY_PHASE_STRIP = NO;
				DEBUG_INFORMATION_FORMAT = dwarf;
				ENABLE_STRICT_OBJC_MSGSEND = YES;
				ENABLE_TESTABILITY = YES;
				GCC_C_LANGUAGE_STANDARD = gnu11;
				GCC_DYNAMIC_NO_PIC = NO;
				GCC_NO_COMMON_BLOCKS = YES;
				GCC_OPTIMIZATION_LEVEL = 0;
				GCC_PREPROCESSOR_DEFINITIONS = (
					"DEBUG=1",
					"$(inherited)",
				);
				GCC_WARN_64_TO_32_BIT_CONVERSION = YES;
				GCC_WARN_ABOUT_RETURN_TYPE = YES_ERROR;
				GCC_WARN_UNDECLARED_SELECTOR = YES;
				GCC_WARN_UNINITIALIZED_AUTOS = YES_AGGRESSIVE;
				GCC_WARN_UNUSED_FUNCTION = YES;
				GCC_WARN_UNUSED_VARIABLE = YES;
				MTL_ENABLE_DEBUG_INFO = INCLUDE_SOURCE;
				MTL_FAST_MATH = YES;
				ONLY_ACTIVE_ARCH = YES;
				SWIFT_ACTIVE_COMPILATION_CONDITIONS = DEBUG;
				SWIFT_OPTIMIZATION_LEVEL = "-Onone";
			};
			name = Debug;
		};
		52F8919E25C8D5EB001F4326 /* Release */ = {
			isa = XCBuildConfiguration;
			buildSettings = {
				ALWAYS_SEARCH_USER_PATHS = NO;
				CLANG_ANALYZER_NONNULL = YES;
				CLANG_ANALYZER_NUMBER_OBJECT_CONVERSION = YES_AGGRESSIVE;
				CLANG_CXX_LANGUAGE_STANDARD = "gnu++14";
				CLANG_CXX_LIBRARY = "libc++";
				CLANG_ENABLE_MODULES = YES;
				CLANG_ENABLE_OBJC_ARC = YES;
				CLANG_ENABLE_OBJC_WEAK = YES;
				CLANG_WARN_BLOCK_CAPTURE_AUTORELEASING = YES;
				CLANG_WARN_BOOL_CONVERSION = YES;
				CLANG_WARN_COMMA = YES;
				CLANG_WARN_CONSTANT_CONVERSION = YES;
				CLANG_WARN_DEPRECATED_OBJC_IMPLEMENTATIONS = YES;
				CLANG_WARN_DIRECT_OBJC_ISA_USAGE = YES_ERROR;
				CLANG_WARN_DOCUMENTATION_COMMENTS = YES;
				CLANG_WARN_EMPTY_BODY = YES;
				CLANG_WARN_ENUM_CONVERSION = YES;
				CLANG_WARN_INFINITE_RECURSION = YES;
				CLANG_WARN_INT_CONVERSION = YES;
				CLANG_WARN_NON_LITERAL_NULL_CONVERSION = YES;
				CLANG_WARN_OBJC_IMPLICIT_RETAIN_SELF = YES;
				CLANG_WARN_OBJC_LITERAL_CONVERSION = YES;
				CLANG_WARN_OBJC_ROOT_CLASS = YES_ERROR;
				CLANG_WARN_QUOTED_INCLUDE_IN_FRAMEWORK_HEADER = YES;
				CLANG_WARN_RANGE_LOOP_ANALYSIS = YES;
				CLANG_WARN_STRICT_PROTOTYPES = YES;
				CLANG_WARN_SUSPICIOUS_MOVE = YES;
				CLANG_WARN_UNGUARDED_AVAILABILITY = YES_AGGRESSIVE;
				CLANG_WARN_UNREACHABLE_CODE = YES;
				CLANG_WARN__DUPLICATE_METHOD_MATCH = YES;
				COPY_PHASE_STRIP = NO;
				DEBUG_INFORMATION_FORMAT = "dwarf-with-dsym";
				ENABLE_NS_ASSERTIONS = NO;
				ENABLE_STRICT_OBJC_MSGSEND = YES;
				GCC_C_LANGUAGE_STANDARD = gnu11;
				GCC_NO_COMMON_BLOCKS = YES;
				GCC_WARN_64_TO_32_BIT_CONVERSION = YES;
				GCC_WARN_ABOUT_RETURN_TYPE = YES_ERROR;
				GCC_WARN_UNDECLARED_SELECTOR = YES;
				GCC_WARN_UNINITIALIZED_AUTOS = YES_AGGRESSIVE;
				GCC_WARN_UNUSED_FUNCTION = YES;
				GCC_WARN_UNUSED_VARIABLE = YES;
				MTL_ENABLE_DEBUG_INFO = NO;
				MTL_FAST_MATH = YES;
				SWIFT_COMPILATION_MODE = wholemodule;
				SWIFT_OPTIMIZATION_LEVEL = "-O";
			};
			name = Release;
		};
		52F891A025C8D5EB001F4326 /* Debug */ = {
			isa = XCBuildConfiguration;
			buildSettings = {
				ASSETCATALOG_COMPILER_APPICON_NAME = AppIcon;
				ASSETCATALOG_COMPILER_GLOBAL_ACCENT_COLOR_NAME = AccentColor;
				CODE_SIGN_STYLE = Automatic;
				DEVELOPMENT_TEAM = WRJ8J85K4Q;
				ENABLE_PREVIEWS = YES;
				INFOPLIST_FILE = iOS/Info.plist;
				IPHONEOS_DEPLOYMENT_TARGET = 14.0;
				LD_RUNPATH_SEARCH_PATHS = (
					"$(inherited)",
					"@executable_path/Frameworks",
				);
				PRODUCT_BUNDLE_IDENTIFIER = com.codedbydan.Burrow;
				PRODUCT_NAME = Burrow;
				SDKROOT = iphoneos;
				SWIFT_VERSION = 5.0;
				TARGETED_DEVICE_FAMILY = "1,2";
			};
			name = Debug;
		};
		52F891A125C8D5EB001F4326 /* Release */ = {
			isa = XCBuildConfiguration;
			buildSettings = {
				ASSETCATALOG_COMPILER_APPICON_NAME = AppIcon;
				ASSETCATALOG_COMPILER_GLOBAL_ACCENT_COLOR_NAME = AccentColor;
				CODE_SIGN_STYLE = Automatic;
				DEVELOPMENT_TEAM = WRJ8J85K4Q;
				ENABLE_PREVIEWS = YES;
				INFOPLIST_FILE = iOS/Info.plist;
				IPHONEOS_DEPLOYMENT_TARGET = 14.0;
				LD_RUNPATH_SEARCH_PATHS = (
					"$(inherited)",
					"@executable_path/Frameworks",
				);
				PRODUCT_BUNDLE_IDENTIFIER = com.codedbydan.Burrow;
				PRODUCT_NAME = Burrow;
				SDKROOT = iphoneos;
				SWIFT_VERSION = 5.0;
				TARGETED_DEVICE_FAMILY = "1,2";
				VALIDATE_PRODUCT = YES;
			};
			name = Release;
		};
		52F891A325C8D5EB001F4326 /* Debug */ = {
			isa = XCBuildConfiguration;
			buildSettings = {
				ASSETCATALOG_COMPILER_APPICON_NAME = AppIcon;
				ASSETCATALOG_COMPILER_GLOBAL_ACCENT_COLOR_NAME = AccentColor;
				CODE_SIGN_ENTITLEMENTS = macOS/macOS.entitlements;
				CODE_SIGN_STYLE = Automatic;
				COMBINE_HIDPI_IMAGES = YES;
				DEVELOPMENT_TEAM = WRJ8J85K4Q;
				ENABLE_HARDENED_RUNTIME = YES;
				ENABLE_PREVIEWS = YES;
				INFOPLIST_FILE = macOS/Info.plist;
				LD_RUNPATH_SEARCH_PATHS = (
					"$(inherited)",
					"@executable_path/../Frameworks",
				);
				MACOSX_DEPLOYMENT_TARGET = 11.0;
				PRODUCT_BUNDLE_IDENTIFIER = com.codedbydan.Burrow;
				PRODUCT_NAME = Burrow;
				SDKROOT = macosx;
				SWIFT_VERSION = 5.0;
			};
			name = Debug;
		};
		52F891A425C8D5EB001F4326 /* Release */ = {
			isa = XCBuildConfiguration;
			buildSettings = {
				ASSETCATALOG_COMPILER_APPICON_NAME = AppIcon;
				ASSETCATALOG_COMPILER_GLOBAL_ACCENT_COLOR_NAME = AccentColor;
				CODE_SIGN_ENTITLEMENTS = macOS/macOS.entitlements;
				CODE_SIGN_STYLE = Automatic;
				COMBINE_HIDPI_IMAGES = YES;
				DEVELOPMENT_TEAM = WRJ8J85K4Q;
				ENABLE_HARDENED_RUNTIME = YES;
				ENABLE_PREVIEWS = YES;
				INFOPLIST_FILE = macOS/Info.plist;
				LD_RUNPATH_SEARCH_PATHS = (
					"$(inherited)",
					"@executable_path/../Frameworks",
				);
				MACOSX_DEPLOYMENT_TARGET = 11.0;
				PRODUCT_BUNDLE_IDENTIFIER = com.codedbydan.Burrow;
				PRODUCT_NAME = Burrow;
				SDKROOT = macosx;
				SWIFT_VERSION = 5.0;
			};
			name = Release;
		};
		52F891A625C8D5EB001F4326 /* Debug */ = {
			isa = XCBuildConfiguration;
			buildSettings = {
				ALWAYS_EMBED_SWIFT_STANDARD_LIBRARIES = YES;
				CODE_SIGN_STYLE = Automatic;
				DEVELOPMENT_TEAM = WRJ8J85K4Q;
				INFOPLIST_FILE = "Tests iOS/Info.plist";
				IPHONEOS_DEPLOYMENT_TARGET = 14.4;
				LD_RUNPATH_SEARCH_PATHS = (
					"$(inherited)",
					"@executable_path/Frameworks",
					"@loader_path/Frameworks",
				);
				PRODUCT_BUNDLE_IDENTIFIER = "com.codedbydan.Tests-iOS";
				PRODUCT_NAME = "$(TARGET_NAME)";
				SDKROOT = iphoneos;
				SWIFT_VERSION = 5.0;
				TARGETED_DEVICE_FAMILY = "1,2";
				TEST_TARGET_NAME = "Burrow (iOS)";
			};
			name = Debug;
		};
		52F891A725C8D5EB001F4326 /* Release */ = {
			isa = XCBuildConfiguration;
			buildSettings = {
				ALWAYS_EMBED_SWIFT_STANDARD_LIBRARIES = YES;
				CODE_SIGN_STYLE = Automatic;
				DEVELOPMENT_TEAM = WRJ8J85K4Q;
				INFOPLIST_FILE = "Tests iOS/Info.plist";
				IPHONEOS_DEPLOYMENT_TARGET = 14.4;
				LD_RUNPATH_SEARCH_PATHS = (
					"$(inherited)",
					"@executable_path/Frameworks",
					"@loader_path/Frameworks",
				);
				PRODUCT_BUNDLE_IDENTIFIER = "com.codedbydan.Tests-iOS";
				PRODUCT_NAME = "$(TARGET_NAME)";
				SDKROOT = iphoneos;
				SWIFT_VERSION = 5.0;
				TARGETED_DEVICE_FAMILY = "1,2";
				TEST_TARGET_NAME = "Burrow (iOS)";
				VALIDATE_PRODUCT = YES;
			};
			name = Release;
		};
		52F891A925C8D5EB001F4326 /* Debug */ = {
			isa = XCBuildConfiguration;
			buildSettings = {
				ALWAYS_EMBED_SWIFT_STANDARD_LIBRARIES = YES;
				CODE_SIGN_STYLE = Automatic;
				COMBINE_HIDPI_IMAGES = YES;
				DEVELOPMENT_TEAM = WRJ8J85K4Q;
				INFOPLIST_FILE = "Tests macOS/Info.plist";
				LD_RUNPATH_SEARCH_PATHS = (
					"$(inherited)",
					"@executable_path/../Frameworks",
					"@loader_path/../Frameworks",
				);
				MACOSX_DEPLOYMENT_TARGET = 11.1;
				PRODUCT_BUNDLE_IDENTIFIER = "com.codedbydan.Tests-macOS";
				PRODUCT_NAME = "$(TARGET_NAME)";
				SDKROOT = macosx;
				SWIFT_VERSION = 5.0;
				TEST_TARGET_NAME = "Burrow (macOS)";
			};
			name = Debug;
		};
		52F891AA25C8D5EB001F4326 /* Release */ = {
			isa = XCBuildConfiguration;
			buildSettings = {
				ALWAYS_EMBED_SWIFT_STANDARD_LIBRARIES = YES;
				CODE_SIGN_STYLE = Automatic;
				COMBINE_HIDPI_IMAGES = YES;
				DEVELOPMENT_TEAM = WRJ8J85K4Q;
				INFOPLIST_FILE = "Tests macOS/Info.plist";
				LD_RUNPATH_SEARCH_PATHS = (
					"$(inherited)",
					"@executable_path/../Frameworks",
					"@loader_path/../Frameworks",
				);
				MACOSX_DEPLOYMENT_TARGET = 11.1;
				PRODUCT_BUNDLE_IDENTIFIER = "com.codedbydan.Tests-macOS";
				PRODUCT_NAME = "$(TARGET_NAME)";
				SDKROOT = macosx;
				SWIFT_VERSION = 5.0;
				TEST_TARGET_NAME = "Burrow (macOS)";
			};
			name = Release;
		};
/* End XCBuildConfiguration section */

/* Begin XCConfigurationList section */
		52F8916C25C8D5E9001F4326 /* Build configuration list for PBXProject "Burrow" */ = {
			isa = XCConfigurationList;
			buildConfigurations = (
				52F8919D25C8D5EB001F4326 /* Debug */,
				52F8919E25C8D5EB001F4326 /* Release */,
			);
			defaultConfigurationIsVisible = 0;
			defaultConfigurationName = Release;
		};
		52F8919F25C8D5EB001F4326 /* Build configuration list for PBXNativeTarget "Burrow (iOS)" */ = {
			isa = XCConfigurationList;
			buildConfigurations = (
				52F891A025C8D5EB001F4326 /* Debug */,
				52F891A125C8D5EB001F4326 /* Release */,
			);
			defaultConfigurationIsVisible = 0;
			defaultConfigurationName = Release;
		};
		52F891A225C8D5EB001F4326 /* Build configuration list for PBXNativeTarget "Burrow (macOS)" */ = {
			isa = XCConfigurationList;
			buildConfigurations = (
				52F891A325C8D5EB001F4326 /* Debug */,
				52F891A425C8D5EB001F4326 /* Release */,
			);
			defaultConfigurationIsVisible = 0;
			defaultConfigurationName = Release;
		};
		52F891A525C8D5EB001F4326 /* Build configuration list for PBXNativeTarget "Tests iOS" */ = {
			isa = XCConfigurationList;
			buildConfigurations = (
				52F891A625C8D5EB001F4326 /* Debug */,
				52F891A725C8D5EB001F4326 /* Release */,
			);
			defaultConfigurationIsVisible = 0;
			defaultConfigurationName = Release;
		};
		52F891A825C8D5EB001F4326 /* Build configuration list for PBXNativeTarget "Tests macOS" */ = {
			isa = XCConfigurationList;
			buildConfigurations = (
				52F891A925C8D5EB001F4326 /* Debug */,
				52F891AA25C8D5EB001F4326 /* Release */,
			);
			defaultConfigurationIsVisible = 0;
			defaultConfigurationName = Release;
		};
/* End XCConfigurationList section */
	};
	rootObject = 52F8916925C8D5E9001F4326 /* Project object */;
}
